
Microsoft Visual Studio Solution File, Format Version 11.00
# Visual Studio 2010
Project("{FAE04EC0-301F-11D3-BF4B-00C04F79EFBC}") = "Assembly-CSharp", "Assembly-CSharp.csproj", "{7A427DC4-AAD2-2B50-D6B3-1811021D45E5}"
EndProject
Project("{FAE04EC0-301F-11D3-BF4B-00C04F79EFBC}") = "Assembly-CSharp-Editor", "Assembly-CSharp-Editor.csproj", "{DFD06EFC-E86D-DDBE-7FCE-8CD5385519A1}"
EndProject
Global
	GlobalSection(SolutionConfigurationPlatforms) = preSolution
		Debug|Any CPU = Debug|Any CPU
		Release|Any CPU = Release|Any CPU
	EndGlobalSection
	GlobalSection(ProjectConfigurationPlatforms) = postSolution
		{7A427DC4-AAD2-2B50-D6B3-1811021D45E5}.Debug|Any CPU.ActiveCfg = Debug|Any CPU
		{7A427DC4-AAD2-2B50-D6B3-1811021D45E5}.Debug|Any CPU.Build.0 = Debug|Any CPU
		{7A427DC4-AAD2-2B50-D6B3-1811021D45E5}.Release|Any CPU.ActiveCfg = Release|Any CPU
		{7A427DC4-AAD2-2B50-D6B3-1811021D45E5}.Release|Any CPU.Build.0 = Release|Any CPU
		{DFD06EFC-E86D-DDBE-7FCE-8CD5385519A1}.Debug|Any CPU.ActiveCfg = Debug|Any CPU
		{DFD06EFC-E86D-DDBE-7FCE-8CD5385519A1}.Debug|Any CPU.Build.0 = Debug|Any CPU
		{DFD06EFC-E86D-DDBE-7FCE-8CD5385519A1}.Release|Any CPU.ActiveCfg = Release|Any CPU
		{DFD06EFC-E86D-DDBE-7FCE-8CD5385519A1}.Release|Any CPU.Build.0 = Release|Any CPU
	EndGlobalSection
	GlobalSection(SolutionProperties) = preSolution
		HideSolutionNode = FALSE
	EndGlobalSection
EndGlobal
