
Microsoft Visual Studio Solution File, Format Version 11.00
# Visual Studio 2010
Project("{FAE04EC0-301F-11D3-BF4B-00C04F79EFBC}") = "Assembly-CSharp", "Assembly-CSharp.csproj", "{15FBB766-1489-041F-0E5C-BD6D3C9F22CE}"
EndProject
Project("{FAE04EC0-301F-11D3-BF4B-00C04F79EFBC}") = "Assembly-CSharp-Editor", "Assembly-CSharp-Editor.csproj", "{AFABE4B7-A45D-1359-C410-F9775262CA66}"
EndProject
Global
	GlobalSection(SolutionConfigurationPlatforms) = preSolution
		Debug|Any CPU = Debug|Any CPU
		Release|Any CPU = Release|Any CPU
	EndGlobalSection
	GlobalSection(ProjectConfigurationPlatforms) = postSolution
		{15FBB766-1489-041F-0E5C-BD6D3C9F22CE}.Debug|Any CPU.ActiveCfg = Debug|Any CPU
		{15FBB766-1489-041F-0E5C-BD6D3C9F22CE}.Debug|Any CPU.Build.0 = Debug|Any CPU
		{15FBB766-1489-041F-0E5C-BD6D3C9F22CE}.Release|Any CPU.ActiveCfg = Release|Any CPU
		{15FBB766-1489-041F-0E5C-BD6D3C9F22CE}.Release|Any CPU.Build.0 = Release|Any CPU
		{AFABE4B7-A45D-1359-C410-F9775262CA66}.Debug|Any CPU.ActiveCfg = Debug|Any CPU
		{AFABE4B7-A45D-1359-C410-F9775262CA66}.Debug|Any CPU.Build.0 = Debug|Any CPU
		{AFABE4B7-A45D-1359-C410-F9775262CA66}.Release|Any CPU.ActiveCfg = Release|Any CPU
		{AFABE4B7-A45D-1359-C410-F9775262CA66}.Release|Any CPU.Build.0 = Release|Any CPU
	EndGlobalSection
	GlobalSection(SolutionProperties) = preSolution
		HideSolutionNode = FALSE
	EndGlobalSection
EndGlobal
